
Microsoft Visual Studio Solution File, Format Version 12.00
# Visual Studio Version 16
VisualStudioVersion = 16.0.31729.503
MinimumVisualStudioVersion = 10.0.40219.1
Project("{FAE04EC0-301F-11D3-BF4B-00C04F79EFBC}") = "F-P Flip coin", "F-P Flip coin\F-P Flip coin.csproj", "{F5C15950-E376-4E6B-AE59-C38A2CD3905D}"
EndProject
Global
	GlobalSection(SolutionConfigurationPlatforms) = preSolution
		Debug|Any CPU = Debug|Any CPU
		Release|Any CPU = Release|Any CPU
	EndGlobalSection
	GlobalSection(ProjectConfigurationPlatforms) = postSolution
		{F5C15950-E376-4E6B-AE59-C38A2CD3905D}.Debug|Any CPU.ActiveCfg = Debug|Any CPU
		{F5C15950-E376-4E6B-AE59-C38A2CD3905D}.Debug|Any CPU.Build.0 = Debug|Any CPU
		{F5C15950-E376-4E6B-AE59-C38A2CD3905D}.Release|Any CPU.ActiveCfg = Release|Any CPU
		{F5C15950-E376-4E6B-AE59-C38A2CD3905D}.Release|Any CPU.Build.0 = Release|Any CPU
	EndGlobalSection
	GlobalSection(SolutionProperties) = preSolution
		HideSolutionNode = FALSE
	EndGlobalSection
	GlobalSection(ExtensibilityGlobals) = postSolution
		SolutionGuid = {D97913E3-C39D-44D2-88CE-A5961A587F53}
	EndGlobalSection
EndGlobal
